// !$*UTF8*$!
{
	archiveVersion = 1;
	classes = {
	};
	objectVersion = 50;
	objects = {

/* Begin PBXBuildFile section */
		4C81AE852299F9F200F0DA6C /* AppDelegate.swift in Sources */ = {isa = PBXBuildFile; fileRef = 4C81AE842299F9F200F0DA6C /* AppDelegate.swift */; };
		4C81AE8C2299F9F400F0DA6C /* Assets.xcassets in Resources */ = {isa = PBXBuildFile; fileRef = 4C81AE8B2299F9F400F0DA6C /* Assets.xcassets */; };
		4C81AE8F2299F9F400F0DA6C /* LaunchScreen.storyboard in Resources */ = {isa = PBXBuildFile; fileRef = 4C81AE8D2299F9F400F0DA6C /* LaunchScreen.storyboard */; };
		4C81AE972299FCF300F0DA6C /* RootView.swift in Sources */ = {isa = PBXBuildFile; fileRef = 4C81AE962299FCF300F0DA6C /* RootView.swift */; };
		4C81AE9A2299FDDB00F0DA6C /* Colors.swift in Sources */ = {isa = PBXBuildFile; fileRef = 4C81AE992299FDDB00F0DA6C /* Colors.swift */; };
		4C81AE9F229A18FC00F0DA6C /* Helpers.swift in Sources */ = {isa = PBXBuildFile; fileRef = 4C81AE9E229A18FC00F0DA6C /* Helpers.swift */; };
		4C81AEA1229A242200F0DA6C /* SettingView.swift in Sources */ = {isa = PBXBuildFile; fileRef = 4C81AEA0229A242200F0DA6C /* SettingView.swift */; };
		4C81AEA3229A243700F0DA6C /* HistoryView.swift in Sources */ = {isa = PBXBuildFile; fileRef = 4C81AEA2229A243700F0DA6C /* HistoryView.swift */; };
		4C81AEA5229A5B5100F0DA6C /* LoadableButton.swift in Sources */ = {isa = PBXBuildFile; fileRef = 4C81AEA4229A5B5100F0DA6C /* LoadableButton.swift */; };
		4C81AEA9229B2B1D00F0DA6C /* HomeView.swift in Sources */ = {isa = PBXBuildFile; fileRef = 4C81AEA8229B2B1D00F0DA6C /* HomeView.swift */; };
		4C81AEAB229BA8A900F0DA6C /* CustomButton.swift in Sources */ = {isa = PBXBuildFile; fileRef = 4C81AEAA229BA8A800F0DA6C /* CustomButton.swift */; };
/* End PBXBuildFile section */

/* Begin PBXFileReference section */
		4C81AE812299F9F200F0DA6C /* Feast.app */ = {isa = PBXFileReference; explicitFileType = wrapper.application; includeInIndex = 0; path = Feast.app; sourceTree = BUILT_PRODUCTS_DIR; };
		4C81AE842299F9F200F0DA6C /* AppDelegate.swift */ = {isa = PBXFileReference; lastKnownFileType = sourcecode.swift; path = AppDelegate.swift; sourceTree = "<group>"; };
		4C81AE8B2299F9F400F0DA6C /* Assets.xcassets */ = {isa = PBXFileReference; lastKnownFileType = folder.assetcatalog; path = Assets.xcassets; sourceTree = "<group>"; };
		4C81AE8E2299F9F400F0DA6C /* Base */ = {isa = PBXFileReference; lastKnownFileType = file.storyboard; name = Base; path = Base.lproj/LaunchScreen.storyboard; sourceTree = "<group>"; };
		4C81AE902299F9F400F0DA6C /* Info.plist */ = {isa = PBXFileReference; lastKnownFileType = text.plist.xml; path = Info.plist; sourceTree = "<group>"; };
		4C81AE962299FCF300F0DA6C /* RootView.swift */ = {isa = PBXFileReference; lastKnownFileType = sourcecode.swift; path = RootView.swift; sourceTree = "<group>"; };
		4C81AE992299FDDB00F0DA6C /* Colors.swift */ = {isa = PBXFileReference; lastKnownFileType = sourcecode.swift; path = Colors.swift; sourceTree = "<group>"; };
		4C81AE9E229A18FC00F0DA6C /* Helpers.swift */ = {isa = PBXFileReference; lastKnownFileType = sourcecode.swift; path = Helpers.swift; sourceTree = "<group>"; };
		4C81AEA0229A242200F0DA6C /* SettingView.swift */ = {isa = PBXFileReference; lastKnownFileType = sourcecode.swift; path = SettingView.swift; sourceTree = "<group>"; };
		4C81AEA2229A243700F0DA6C /* HistoryView.swift */ = {isa = PBXFileReference; lastKnownFileType = sourcecode.swift; path = HistoryView.swift; sourceTree = "<group>"; };
		4C81AEA4229A5B5100F0DA6C /* LoadableButton.swift */ = {isa = PBXFileReference; lastKnownFileType = sourcecode.swift; path = LoadableButton.swift; sourceTree = "<group>"; };
		4C81AEA8229B2B1D00F0DA6C /* HomeView.swift */ = {isa = PBXFileReference; lastKnownFileType = sourcecode.swift; path = HomeView.swift; sourceTree = "<group>"; };
		4C81AEAA229BA8A800F0DA6C /* CustomButton.swift */ = {isa = PBXFileReference; lastKnownFileType = sourcecode.swift; path = CustomButton.swift; sourceTree = "<group>"; };
/* End PBXFileReference section */

/* Begin PBXFrameworksBuildPhase section */
		4C81AE7E2299F9F200F0DA6C /* Frameworks */ = {
			isa = PBXFrameworksBuildPhase;
			buildActionMask = 2147483647;
			files = (
			);
			runOnlyForDeploymentPostprocessing = 0;
		};
/* End PBXFrameworksBuildPhase section */

/* Begin PBXGroup section */
		4C81AE782299F9F200F0DA6C = {
			isa = PBXGroup;
			children = (
				4C81AE982299FDC800F0DA6C /* Constants */,
				4C81AE9B229A105400F0DA6C /* View */,
				4C81AE832299F9F200F0DA6C /* Feast */,
				4C81AE822299F9F200F0DA6C /* Products */,
			);
			sourceTree = "<group>";
		};
		4C81AE822299F9F200F0DA6C /* Products */ = {
			isa = PBXGroup;
			children = (
				4C81AE812299F9F200F0DA6C /* Feast.app */,
			);
			name = Products;
			sourceTree = "<group>";
		};
		4C81AE832299F9F200F0DA6C /* Feast */ = {
			isa = PBXGroup;
			children = (
				4C81AE842299F9F200F0DA6C /* AppDelegate.swift */,
				4C81AE9E229A18FC00F0DA6C /* Helpers.swift */,
				4C81AE8B2299F9F400F0DA6C /* Assets.xcassets */,
				4C81AE8D2299F9F400F0DA6C /* LaunchScreen.storyboard */,
				4C81AE902299F9F400F0DA6C /* Info.plist */,
			);
			path = Feast;
			sourceTree = "<group>";
		};
		4C81AE982299FDC800F0DA6C /* Constants */ = {
			isa = PBXGroup;
			children = (
				4C81AE992299FDDB00F0DA6C /* Colors.swift */,
			);
			path = Constants;
			sourceTree = "<group>";
		};
		4C81AE9B229A105400F0DA6C /* View */ = {
			isa = PBXGroup;
			children = (
				4C81AE962299FCF300F0DA6C /* RootView.swift */,
				4C81AEA8229B2B1D00F0DA6C /* HomeView.swift */,
				4C81AEA0229A242200F0DA6C /* SettingView.swift */,
				4C81AEA2229A243700F0DA6C /* HistoryView.swift */,
				4C81AEA4229A5B5100F0DA6C /* LoadableButton.swift */,
				4C81AEAA229BA8A800F0DA6C /* CustomButton.swift */,
			);
			path = View;
			sourceTree = "<group>";
		};
/* End PBXGroup section */

/* Begin PBXNativeTarget section */
		4C81AE802299F9F200F0DA6C /* Feast */ = {
			isa = PBXNativeTarget;
			buildConfigurationList = 4C81AE932299F9F400F0DA6C /* Build configuration list for PBXNativeTarget "Feast" */;
			buildPhases = (
				4C81AE7D2299F9F200F0DA6C /* Sources */,
				4C81AE7E2299F9F200F0DA6C /* Frameworks */,
				4C81AE7F2299F9F200F0DA6C /* Resources */,
			);
			buildRules = (
			);
			dependencies = (
			);
			name = Feast;
			productName = Feast;
			productReference = 4C81AE812299F9F200F0DA6C /* Feast.app */;
			productType = "com.apple.product-type.application";
		};
/* End PBXNativeTarget section */

/* Begin PBXProject section */
		4C81AE792299F9F200F0DA6C /* Project object */ = {
			isa = PBXProject;
			attributes = {
				LastSwiftUpdateCheck = 1010;
				LastUpgradeCheck = 1010;
				ORGANIZATIONNAME = LDLLC;
				TargetAttributes = {
					4C81AE802299F9F200F0DA6C = {
						CreatedOnToolsVersion = 10.1;
					};
				};
			};
			buildConfigurationList = 4C81AE7C2299F9F200F0DA6C /* Build configuration list for PBXProject "Feast" */;
			compatibilityVersion = "Xcode 9.3";
			developmentRegion = en;
			hasScannedForEncodings = 0;
			knownRegions = (
				en,
				Base,
			);
			mainGroup = 4C81AE782299F9F200F0DA6C;
			productRefGroup = 4C81AE822299F9F200F0DA6C /* Products */;
			projectDirPath = "";
			projectRoot = "";
			targets = (
				4C81AE802299F9F200F0DA6C /* Feast */,
			);
		};
/* End PBXProject section */

/* Begin PBXResourcesBuildPhase section */
		4C81AE7F2299F9F200F0DA6C /* Resources */ = {
			isa = PBXResourcesBuildPhase;
			buildActionMask = 2147483647;
			files = (
				4C81AE8F2299F9F400F0DA6C /* LaunchScreen.storyboard in Resources */,
				4C81AE8C2299F9F400F0DA6C /* Assets.xcassets in Resources */,
			);
			runOnlyForDeploymentPostprocessing = 0;
		};
/* End PBXResourcesBuildPhase section */

/* Begin PBXSourcesBuildPhase section */
		4C81AE7D2299F9F200F0DA6C /* Sources */ = {
			isa = PBXSourcesBuildPhase;
			buildActionMask = 2147483647;
			files = (
				4C81AEA3229A243700F0DA6C /* HistoryView.swift in Sources */,
				4C81AE972299FCF300F0DA6C /* RootView.swift in Sources */,
				4C81AEA9229B2B1D00F0DA6C /* HomeView.swift in Sources */,
				4C81AE9A2299FDDB00F0DA6C /* Colors.swift in Sources */,
				4C81AEAB229BA8A900F0DA6C /* CustomButton.swift in Sources */,
				4C81AEA1229A242200F0DA6C /* SettingView.swift in Sources */,
				4C81AE9F229A18FC00F0DA6C /* Helpers.swift in Sources */,
				4C81AE852299F9F200F0DA6C /* AppDelegate.swift in Sources */,
				4C81AEA5229A5B5100F0DA6C /* LoadableButton.swift in Sources */,
			);
			runOnlyForDeploymentPostprocessing = 0;
		};
/* End PBXSourcesBuildPhase section */

/* Begin PBXVariantGroup section */
		4C81AE8D2299F9F400F0DA6C /* LaunchScreen.storyboard */ = {
			isa = PBXVariantGroup;
			children = (
				4C81AE8E2299F9F400F0DA6C /* Base */,
			);
			name = LaunchScreen.storyboard;
			sourceTree = "<group>";
		};
/* End PBXVariantGroup section */

/* Begin XCBuildConfiguration section */
		4C81AE912299F9F400F0DA6C /* Debug */ = {
			isa = XCBuildConfiguration;
			buildSettings = {
				ALWAYS_SEARCH_USER_PATHS = NO;
				CLANG_ANALYZER_NONNULL = YES;
				CLANG_ANALYZER_NUMBER_OBJECT_CONVERSION = YES_AGGRESSIVE;
				CLANG_CXX_LANGUAGE_STANDARD = "gnu++14";
				CLANG_CXX_LIBRARY = "libc++";
				CLANG_ENABLE_MODULES = YES;
				CLANG_ENABLE_OBJC_ARC = YES;
				CLANG_ENABLE_OBJC_WEAK = YES;
				CLANG_WARN_BLOCK_CAPTURE_AUTORELEASING = YES;
				CLANG_WARN_BOOL_CONVERSION = YES;
				CLANG_WARN_COMMA = YES;
				CLANG_WARN_CONSTANT_CONVERSION = YES;
				CLANG_WARN_DEPRECATED_OBJC_IMPLEMENTATIONS = YES;
				CLANG_WARN_DIRECT_OBJC_ISA_USAGE = YES_ERROR;
				CLANG_WARN_DOCUMENTATION_COMMENTS = YES;
				CLANG_WARN_EMPTY_BODY = YES;
				CLANG_WARN_ENUM_CONVERSION = YES;
				CLANG_WARN_INFINITE_RECURSION = YES;
				CLANG_WARN_INT_CONVERSION = YES;
				CLANG_WARN_NON_LITERAL_NULL_CONVERSION = YES;
				CLANG_WARN_OBJC_IMPLICIT_RETAIN_SELF = YES;
				CLANG_WARN_OBJC_LITERAL_CONVERSION = YES;
				CLANG_WARN_OBJC_ROOT_CLASS = YES_ERROR;
				CLANG_WARN_RANGE_LOOP_ANALYSIS = YES;
				CLANG_WARN_STRICT_PROTOTYPES = YES;
				CLANG_WARN_SUSPICIOUS_MOVE = YES;
				CLANG_WARN_UNGUARDED_AVAILABILITY = YES_AGGRESSIVE;
				CLANG_WARN_UNREACHABLE_CODE = YES;
				CLANG_WARN__DUPLICATE_METHOD_MATCH = YES;
				CODE_SIGN_IDENTITY = "iPhone Developer";
				COPY_PHASE_STRIP = NO;
				DEBUG_INFORMATION_FORMAT = dwarf;
				ENABLE_STRICT_OBJC_MSGSEND = YES;
				ENABLE_TESTABILITY = YES;
				GCC_C_LANGUAGE_STANDARD = gnu11;
				GCC_DYNAMIC_NO_PIC = NO;
				GCC_NO_COMMON_BLOCKS = YES;
				GCC_OPTIMIZATION_LEVEL = 0;
				GCC_PREPROCESSOR_DEFINITIONS = (
					"DEBUG=1",
					"$(inherited)",
				);
				GCC_WARN_64_TO_32_BIT_CONVERSION = YES;
				GCC_WARN_ABOUT_RETURN_TYPE = YES_ERROR;
				GCC_WARN_UNDECLARED_SELECTOR = YES;
				GCC_WARN_UNINITIALIZED_AUTOS = YES_AGGRESSIVE;
				GCC_WARN_UNUSED_FUNCTION = YES;
				GCC_WARN_UNUSED_VARIABLE = YES;
				IPHONEOS_DEPLOYMENT_TARGET = 12.1;
				MTL_ENABLE_DEBUG_INFO = INCLUDE_SOURCE;
				MTL_FAST_MATH = YES;
				ONLY_ACTIVE_ARCH = YES;
				SDKROOT = iphoneos;
				SWIFT_ACTIVE_COMPILATION_CONDITIONS = DEBUG;
				SWIFT_OPTIMIZATION_LEVEL = "-Onone";
			};
			name = Debug;
		};
		4C81AE922299F9F400F0DA6C /* Release */ = {
			isa = XCBuildConfiguration;
			buildSettings = {
				ALWAYS_SEARCH_USER_PATHS = NO;
				CLANG_ANALYZER_NONNULL = YES;
				CLANG_ANALYZER_NUMBER_OBJECT_CONVERSION = YES_AGGRESSIVE;
				CLANG_CXX_LANGUAGE_STANDARD = "gnu++14";
				CLANG_CXX_LIBRARY = "libc++";
				CLANG_ENABLE_MODULES = YES;
				CLANG_ENABLE_OBJC_ARC = YES;
				CLANG_ENABLE_OBJC_WEAK = YES;
				CLANG_WARN_BLOCK_CAPTURE_AUTORELEASING = YES;
				CLANG_WARN_BOOL_CONVERSION = YES;
				CLANG_WARN_COMMA = YES;
				CLANG_WARN_CONSTANT_CONVERSION = YES;
				CLANG_WARN_DEPRECATED_OBJC_IMPLEMENTATIONS = YES;
				CLANG_WARN_DIRECT_OBJC_ISA_USAGE = YES_ERROR;
				CLANG_WARN_DOCUMENTATION_COMMENTS = YES;
				CLANG_WARN_EMPTY_BODY = YES;
				CLANG_WARN_ENUM_CONVERSION = YES;
				CLANG_WARN_INFINITE_RECURSION = YES;
				CLANG_WARN_INT_CONVERSION = YES;
				CLANG_WARN_NON_LITERAL_NULL_CONVERSION = YES;
				CLANG_WARN_OBJC_IMPLICIT_RETAIN_SELF = YES;
				CLANG_WARN_OBJC_LITERAL_CONVERSION = YES;
				CLANG_WARN_OBJC_ROOT_CLASS = YES_ERROR;
				CLANG_WARN_RANGE_LOOP_ANALYSIS = YES;
				CLANG_WARN_STRICT_PROTOTYPES = YES;
				CLANG_WARN_SUSPICIOUS_MOVE = YES;
				CLANG_WARN_UNGUARDED_AVAILABILITY = YES_AGGRESSIVE;
				CLANG_WARN_UNREACHABLE_CODE = YES;
				CLANG_WARN__DUPLICATE_METHOD_MATCH = YES;
				CODE_SIGN_IDENTITY = "iPhone Developer";
				COPY_PHASE_STRIP = NO;
				DEBUG_INFORMATION_FORMAT = "dwarf-with-dsym";
				ENABLE_NS_ASSERTIONS = NO;
				ENABLE_STRICT_OBJC_MSGSEND = YES;
				GCC_C_LANGUAGE_STANDARD = gnu11;
				GCC_NO_COMMON_BLOCKS = YES;
				GCC_WARN_64_TO_32_BIT_CONVERSION = YES;
				GCC_WARN_ABOUT_RETURN_TYPE = YES_ERROR;
				GCC_WARN_UNDECLARED_SELECTOR = YES;
				GCC_WARN_UNINITIALIZED_AUTOS = YES_AGGRESSIVE;
				GCC_WARN_UNUSED_FUNCTION = YES;
				GCC_WARN_UNUSED_VARIABLE = YES;
				IPHONEOS_DEPLOYMENT_TARGET = 12.1;
				MTL_ENABLE_DEBUG_INFO = NO;
				MTL_FAST_MATH = YES;
				SDKROOT = iphoneos;
				SWIFT_COMPILATION_MODE = wholemodule;
				SWIFT_OPTIMIZATION_LEVEL = "-O";
				VALIDATE_PRODUCT = YES;
			};
			name = Release;
		};
		4C81AE942299F9F400F0DA6C /* Debug */ = {
			isa = XCBuildConfiguration;
			buildSettings = {
				ASSETCATALOG_COMPILER_APPICON_NAME = AppIcon;
				CODE_SIGN_STYLE = Automatic;
				DEVELOPMENT_TEAM = ZG8L9MP57M;
				INFOPLIST_FILE = Feast/Info.plist;
				LD_RUNPATH_SEARCH_PATHS = (
					"$(inherited)",
					"@executable_path/Frameworks",
				);
				PRODUCT_BUNDLE_IDENTIFIER = ldllc.Feast;
				PRODUCT_NAME = "$(TARGET_NAME)";
				SWIFT_VERSION = 4.2;
				TARGETED_DEVICE_FAMILY = "1,2";
			};
			name = Debug;
		};
		4C81AE952299F9F400F0DA6C /* Release */ = {
			isa = XCBuildConfiguration;
			buildSettings = {
				ASSETCATALOG_COMPILER_APPICON_NAME = AppIcon;
				CODE_SIGN_STYLE = Automatic;
				DEVELOPMENT_TEAM = ZG8L9MP57M;
				INFOPLIST_FILE = Feast/Info.plist;
				LD_RUNPATH_SEARCH_PATHS = (
					"$(inherited)",
					"@executable_path/Frameworks",
				);
				PRODUCT_BUNDLE_IDENTIFIER = ldllc.Feast;
				PRODUCT_NAME = "$(TARGET_NAME)";
				SWIFT_VERSION = 4.2;
				TARGETED_DEVICE_FAMILY = "1,2";
			};
			name = Release;
		};
/* End XCBuildConfiguration section */

/* Begin XCConfigurationList section */
		4C81AE7C2299F9F200F0DA6C /* Build configuration list for PBXProject "Feast" */ = {
			isa = XCConfigurationList;
			buildConfigurations = (
				4C81AE912299F9F400F0DA6C /* Debug */,
				4C81AE922299F9F400F0DA6C /* Release */,
			);
			defaultConfigurationIsVisible = 0;
			defaultConfigurationName = Release;
		};
		4C81AE932299F9F400F0DA6C /* Build configuration list for PBXNativeTarget "Feast" */ = {
			isa = XCConfigurationList;
			buildConfigurations = (
				4C81AE942299F9F400F0DA6C /* Debug */,
				4C81AE952299F9F400F0DA6C /* Release */,
			);
			defaultConfigurationIsVisible = 0;
			defaultConfigurationName = Release;
		};
/* End XCConfigurationList section */
	};
	rootObject = 4C81AE792299F9F200F0DA6C /* Project object */;
}
